# This file is automatically @generated by Cargo.
# It is not intended for manual editing.
version = 3

[[package]]
name = "partial"
version = "0.0.1"
dependencies = [
 "time",
]

[[package]]
name = "time"
version = "0.2.1"
source = "registry+https://github.com/rust-lang/crates.io-index"
checksum = "ac6de5d6171ae395cd957a9cfdcf9a41e39fe23e558b29043104a896a79021b6"
